{
    "version": 3,
    "terraform_version": "0.11.11",
    "serial": 6,
    "lineage": "5b540873-5caa-f596-df46-906fae203cb8",
    "modules": [
        {
            "path": [
                "root"
            ],
            "outputs": {
                "default_alb_target_group": {
                    "sensitive": false,
                    "type": "string",
                    "value": "arn:aws:elasticloadbalancing:us-east-2:789062114213:targetgroup/infrasec-infrasec-default/8ed7a6ca2968afe3"
                }
            },
            "resources": {
                "aws_key_pair.ecs": {
                    "type": "aws_key_pair",
                    "depends_on": [],
                    "primary": {
                        "id": "ecs-key-infrasec",
                        "attributes": {
                            "arn": "arn:aws:ec2:us-east-2:789062114213:key-pair/ecs-key-infrasec",
                            "fingerprint": "99:34:5f:27:b8:cb:a4:65:6d:61:c3:2a:82:74:9d:33",
                            "id": "ecs-key-infrasec",
                            "key_name": "ecs-key-infrasec",
                            "key_pair_id": "key-006b22f033f4c44c2",
                            "public_key": "ssh-rsa AAAAB3NzaC1yc2EAAAADAQABAAACAQCtchs4s6c7tQimh/9mGyr8xP5YtVtR9k5E82B3YlTGt787Z0oo8I7nqcG+1rs4CMtoFdFEnwF2kpiTH5mlLtYmu//QMRzdYpS1pjXhfOd56rMJRuW4Ofrys1iS57PND9bOPl6iyKWwStd7g1JiU3NMutiNGZcmgO6vWpY1+GRcfM+p9kV603egcNTf/SKJDQanGNft/4VaR48WPx3L9tyVEXI11jUk5l81XBfMbB8omON/5blotFzfT7+o/WPsq00IZm5FZFSlAokjzbkQWERIASYk5h8rpeXe2Y8H2nfZeBQwwgtCN1HlGBdBESocF58XA9X+PNUId4PMFU9rrqLaCk8WO2zP8KzE6pGNuJpp30gWu/SRl2V88CP5/TJ+72iZ2UwvU+eoSma/zcNdg6d4EhGgbUwnVJsFYl5QjHGt4DAoGgp2SDgu8Nz/Y3ryZ1+jR432RA5gwjYAQxPsvzFeRdPd3SbAnjTgnBAi/1KQCIqt82mBwzaXCAnFnI8RE7Na5xnRB7nUeGUqUrVw74SahbewvDpaAtukFYbd3Ll0Ge2XU7NHX8D80Rog+6Y1O11uQSoWZadmJv1OFbekDsseHh9sDMe/+NgFLkAhJePuUJv9YOH/02SvePtCl1yvQ2S2+4PLxQwkGffQcqiJiR2ag/zN8wpMeivlALIDdr0SLw== jedi132000@gmail.com",
                            "tags.%": "0"
                        },
                        "meta": {
                            "schema_version": "1"
                        },
                        "tainted": false
                    },
                    "deposed": [],
                    "provider": "provider.aws"
                }
            },
            "depends_on": []
        },
        {
            "path": [
                "root",
                "ecs"
            ],
            "outputs": {
                "default_alb_target_group": {
                    "sensitive": false,
                    "type": "string",
                    "value": "arn:aws:elasticloadbalancing:us-east-2:789062114213:targetgroup/infrasec-infrasec-default/8ed7a6ca2968afe3"
                }
            },
            "resources": {
                "aws_ecs_cluster.cluster": {
                    "type": "aws_ecs_cluster",
                    "depends_on": [],
                    "primary": {
                        "id": "arn:aws:ecs:us-east-2:789062114213:cluster/infrasec",
                        "attributes": {
                            "arn": "arn:aws:ecs:us-east-2:789062114213:cluster/infrasec",
                            "capacity_providers.#": "0",
                            "default_capacity_provider_strategy.#": "0",
                            "id": "arn:aws:ecs:us-east-2:789062114213:cluster/infrasec",
                            "name": "infrasec",
                            "setting.#": "1",
                            "setting.1157067080.name": "containerInsights",
                            "setting.1157067080.value": "disabled",
                            "tags.%": "0"
                        },
                        "meta": {},
                        "tainted": false
                    },
                    "deposed": [],
                    "provider": "provider.aws"
                },
                "aws_iam_instance_profile.ecs": {
                    "type": "aws_iam_instance_profile",
                    "depends_on": [
                        "aws_iam_role.ecs_instance_role"
                    ],
                    "primary": {
                        "id": "infrasec_ecs_instance_profile",
                        "attributes": {
                            "arn": "arn:aws:iam::789062114213:instance-profile/infrasec_ecs_instance_profile",
                            "create_date": "2020-07-07T15:04:15Z",
                            "id": "infrasec_ecs_instance_profile",
                            "name": "infrasec_ecs_instance_profile",
                            "path": "/",
                            "role": "infrasec_ecs_instance_role",
                            "roles.#": "0",
                            "unique_id": "AIPA3PN6ELOSQ7A2MXL7S"
                        },
                        "meta": {},
                        "tainted": false
                    },
                    "deposed": [],
                    "provider": "provider.aws"
                },
                "aws_iam_role.ecs_instance_role": {
                    "type": "aws_iam_role",
                    "depends_on": [],
                    "primary": {
                        "id": "infrasec_ecs_instance_role",
                        "attributes": {
                            "arn": "arn:aws:iam::789062114213:role/infrasec_ecs_instance_role",
                            "assume_role_policy": "{\"Version\":\"2008-10-17\",\"Statement\":[{\"Effect\":\"Allow\",\"Principal\":{\"Service\":\"ec2.amazonaws.com\"},\"Action\":\"sts:AssumeRole\"}]}",
                            "create_date": "2020-07-07T15:04:14Z",
                            "description": "",
                            "force_detach_policies": "false",
                            "id": "infrasec_ecs_instance_role",
                            "max_session_duration": "3600",
                            "name": "infrasec_ecs_instance_role",
                            "path": "/",
                            "tags.%": "0",
                            "unique_id": "AROA3PN6ELOS5VO3L34C5"
                        },
                        "meta": {},
                        "tainted": false
                    },
                    "deposed": [],
                    "provider": "provider.aws"
                },
                "aws_iam_role.ecs_lb_role": {
                    "type": "aws_iam_role",
                    "depends_on": [],
                    "primary": {
                        "id": "infrasec_ecs_lb_role",
                        "attributes": {
                            "arn": "arn:aws:iam::789062114213:role/ecs/infrasec_ecs_lb_role",
                            "assume_role_policy": "{\"Version\":\"2008-10-17\",\"Statement\":[{\"Effect\":\"Allow\",\"Principal\":{\"Service\":\"ecs.amazonaws.com\"},\"Action\":\"sts:AssumeRole\"}]}",
                            "create_date": "2020-07-07T15:04:14Z",
                            "description": "",
                            "force_detach_policies": "false",
                            "id": "infrasec_ecs_lb_role",
                            "max_session_duration": "3600",
                            "name": "infrasec_ecs_lb_role",
                            "path": "/ecs/",
                            "tags.%": "0",
                            "unique_id": "AROA3PN6ELOS7OHE27RCW"
                        },
                        "meta": {},
                        "tainted": false
                    },
                    "deposed": [],
                    "provider": "provider.aws"
                },
                "aws_iam_role_policy_attachment.ecs_ec2_cloudwatch_role": {
                    "type": "aws_iam_role_policy_attachment",
                    "depends_on": [
                        "aws_iam_role.ecs_instance_role"
                    ],
                    "primary": {
                        "id": "infrasec_ecs_instance_role-20200707150415562300000002",
                        "attributes": {
                            "id": "infrasec_ecs_instance_role-20200707150415562300000002",
                            "policy_arn": "arn:aws:iam::aws:policy/CloudWatchLogsFullAccess",
                            "role": "infrasec_ecs_instance_role"
                        },
                        "meta": {},
                        "tainted": false
                    },
                    "deposed": [],
                    "provider": "provider.aws"
                },
                "aws_iam_role_policy_attachment.ecs_ec2_role": {
                    "type": "aws_iam_role_policy_attachment",
                    "depends_on": [
                        "aws_iam_role.ecs_instance_role"
                    ],
                    "primary": {
                        "id": "infrasec_ecs_instance_role-20200707150415566700000003",
                        "attributes": {
                            "id": "infrasec_ecs_instance_role-20200707150415566700000003",
                            "policy_arn": "arn:aws:iam::aws:policy/service-role/AmazonEC2ContainerServiceforEC2Role",
                            "role": "infrasec_ecs_instance_role"
                        },
                        "meta": {},
                        "tainted": false
                    },
                    "deposed": [],
                    "provider": "provider.aws"
                },
                "aws_iam_role_policy_attachment.ecs_lb": {
                    "type": "aws_iam_role_policy_attachment",
                    "depends_on": [
                        "aws_iam_role.ecs_lb_role"
                    ],
                    "primary": {
                        "id": "infrasec_ecs_lb_role-20200707150415274900000001",
                        "attributes": {
                            "id": "infrasec_ecs_lb_role-20200707150415274900000001",
                            "policy_arn": "arn:aws:iam::aws:policy/service-role/AmazonEC2ContainerServiceRole",
                            "role": "infrasec_ecs_lb_role"
                        },
                        "meta": {},
                        "tainted": false
                    },
                    "deposed": [],
                    "provider": "provider.aws"
                },
                "aws_security_group_rule.alb_to_ecs": {
                    "type": "aws_security_group_rule",
                    "depends_on": [
                        "module.alb",
                        "module.ecs_instances"
                    ],
                    "primary": {
                        "id": "sgrule-1597517199",
                        "attributes": {
                            "from_port": "32768",
                            "id": "sgrule-1597517199",
                            "protocol": "tcp",
                            "security_group_id": "sg-0553951ee685ed08b",
                            "self": "false",
                            "source_security_group_id": "sg-0299571223f22f6d0",
                            "to_port": "61000",
                            "type": "ingress"
                        },
                        "meta": {
                            "schema_version": "2"
                        },
                        "tainted": false
                    },
                    "deposed": [],
                    "provider": "provider.aws"
                }
            },
            "depends_on": []
        },
        {
            "path": [
                "root",
                "ecs",
                "alb"
            ],
            "outputs": {
                "alb_security_group_id": {
                    "sensitive": false,
                    "type": "string",
                    "value": "sg-0299571223f22f6d0"
                },
                "default_alb_target_group": {
                    "sensitive": false,
                    "type": "string",
                    "value": "arn:aws:elasticloadbalancing:us-east-2:789062114213:targetgroup/infrasec-infrasec-default/8ed7a6ca2968afe3"
                }
            },
            "resources": {
                "aws_alb.alb": {
                    "type": "aws_alb",
                    "depends_on": [
                        "aws_security_group.alb"
                    ],
                    "primary": {
                        "id": "arn:aws:elasticloadbalancing:us-east-2:789062114213:loadbalancer/app/infrasec-infrasec/5e2dd29a63554c7b",
                        "attributes": {
                            "access_logs.#": "1",
                            "access_logs.0.bucket": "",
                            "access_logs.0.enabled": "false",
                            "access_logs.0.prefix": "",
                            "arn": "arn:aws:elasticloadbalancing:us-east-2:789062114213:loadbalancer/app/infrasec-infrasec/5e2dd29a63554c7b",
                            "arn_suffix": "app/infrasec-infrasec/5e2dd29a63554c7b",
                            "dns_name": "infrasec-infrasec-214951607.us-east-2.elb.amazonaws.com",
                            "drop_invalid_header_fields": "false",
                            "enable_deletion_protection": "false",
                            "enable_http2": "true",
                            "id": "arn:aws:elasticloadbalancing:us-east-2:789062114213:loadbalancer/app/infrasec-infrasec/5e2dd29a63554c7b",
                            "idle_timeout": "60",
                            "internal": "false",
                            "ip_address_type": "ipv4",
                            "load_balancer_type": "application",
                            "name": "infrasec-infrasec",
                            "security_groups.#": "1",
                            "security_groups.2275954007": "sg-0299571223f22f6d0",
                            "subnet_mapping.#": "2",
                            "subnet_mapping.1594000585.allocation_id": "",
                            "subnet_mapping.1594000585.subnet_id": "subnet-0644dbd223762532f",
                            "subnet_mapping.2259004615.allocation_id": "",
                            "subnet_mapping.2259004615.subnet_id": "subnet-038a7af6082aa99e0",
                            "subnets.#": "2",
                            "subnets.140947762": "subnet-0644dbd223762532f",
                            "subnets.2031379419": "subnet-038a7af6082aa99e0",
                            "tags.%": "1",
                            "tags.Environment": "infrasec",
                            "vpc_id": "vpc-0aa6b1f4c34046799",
                            "zone_id": "Z3AADJGX6KTTL2"
                        },
                        "meta": {
                            "e2bfb730-ecaa-11e6-8f88-34363bc7c4c0": {
                                "create": 600000000000,
                                "delete": 600000000000,
                                "update": 600000000000
                            }
                        },
                        "tainted": false
                    },
                    "deposed": [],
                    "provider": "provider.aws"
                },
                "aws_alb_listener.http": {
                    "type": "aws_alb_listener",
                    "depends_on": [
                        "aws_alb.alb",
                        "aws_alb_target_group.default"
                    ],
                    "primary": {
                        "id": "arn:aws:elasticloadbalancing:us-east-2:789062114213:listener/app/infrasec-infrasec/5e2dd29a63554c7b/0607b7269cb5baff",
                        "attributes": {
                            "arn": "arn:aws:elasticloadbalancing:us-east-2:789062114213:listener/app/infrasec-infrasec/5e2dd29a63554c7b/0607b7269cb5baff",
                            "default_action.#": "1",
                            "default_action.0.authenticate_cognito.#": "0",
                            "default_action.0.authenticate_oidc.#": "0",
                            "default_action.0.fixed_response.#": "0",
                            "default_action.0.forward.#": "0",
                            "default_action.0.order": "1",
                            "default_action.0.redirect.#": "0",
                            "default_action.0.target_group_arn": "arn:aws:elasticloadbalancing:us-east-2:789062114213:targetgroup/infrasec-infrasec-default/8ed7a6ca2968afe3",
                            "default_action.0.type": "forward",
                            "id": "arn:aws:elasticloadbalancing:us-east-2:789062114213:listener/app/infrasec-infrasec/5e2dd29a63554c7b/0607b7269cb5baff",
                            "load_balancer_arn": "arn:aws:elasticloadbalancing:us-east-2:789062114213:loadbalancer/app/infrasec-infrasec/5e2dd29a63554c7b",
                            "port": "80",
                            "protocol": "HTTP",
                            "ssl_policy": ""
                        },
                        "meta": {
                            "e2bfb730-ecaa-11e6-8f88-34363bc7c4c0": {
                                "read": 600000000000
                            }
                        },
                        "tainted": false
                    },
                    "deposed": [],
                    "provider": "provider.aws"
                },
                "aws_alb_target_group.default": {
                    "type": "aws_alb_target_group",
                    "depends_on": [],
                    "primary": {
                        "id": "arn:aws:elasticloadbalancing:us-east-2:789062114213:targetgroup/infrasec-infrasec-default/8ed7a6ca2968afe3",
                        "attributes": {
                            "arn": "arn:aws:elasticloadbalancing:us-east-2:789062114213:targetgroup/infrasec-infrasec-default/8ed7a6ca2968afe3",
                            "arn_suffix": "targetgroup/infrasec-infrasec-default/8ed7a6ca2968afe3",
                            "deregistration_delay": "300",
                            "health_check.#": "1",
                            "health_check.0.enabled": "true",
                            "health_check.0.healthy_threshold": "3",
                            "health_check.0.interval": "30",
                            "health_check.0.matcher": "200",
                            "health_check.0.path": "/",
                            "health_check.0.port": "traffic-port",
                            "health_check.0.protocol": "HTTP",
                            "health_check.0.timeout": "5",
                            "health_check.0.unhealthy_threshold": "3",
                            "id": "arn:aws:elasticloadbalancing:us-east-2:789062114213:targetgroup/infrasec-infrasec-default/8ed7a6ca2968afe3",
                            "lambda_multi_value_headers_enabled": "false",
                            "load_balancing_algorithm_type": "round_robin",
                            "name": "infrasec-infrasec-default",
                            "port": "80",
                            "protocol": "HTTP",
                            "proxy_protocol_v2": "false",
                            "slow_start": "0",
                            "stickiness.#": "1",
                            "stickiness.0.cookie_duration": "86400",
                            "stickiness.0.enabled": "false",
                            "stickiness.0.type": "lb_cookie",
                            "tags.%": "1",
                            "tags.Environment": "infrasec",
                            "target_type": "instance",
                            "vpc_id": "vpc-0aa6b1f4c34046799"
                        },
                        "meta": {},
                        "tainted": false
                    },
                    "deposed": [],
                    "provider": "provider.aws"
                },
                "aws_security_group.alb": {
                    "type": "aws_security_group",
                    "depends_on": [],
                    "primary": {
                        "id": "sg-0299571223f22f6d0",
                        "attributes": {
                            "arn": "arn:aws:ec2:us-east-2:789062114213:security-group/sg-0299571223f22f6d0",
                            "description": "Managed by Terraform",
                            "egress.#": "0",
                            "id": "sg-0299571223f22f6d0",
                            "ingress.#": "0",
                            "name": "infrasec-infrasec_alb",
                            "owner_id": "789062114213",
                            "revoke_rules_on_delete": "false",
                            "tags.%": "1",
                            "tags.Environment": "infrasec",
                            "vpc_id": "vpc-0aa6b1f4c34046799"
                        },
                        "meta": {
                            "e2bfb730-ecaa-11e6-8f88-34363bc7c4c0": {
                                "create": 600000000000,
                                "delete": 600000000000
                            },
                            "schema_version": "1"
                        },
                        "tainted": false
                    },
                    "deposed": [],
                    "provider": "provider.aws"
                },
                "aws_security_group_rule.https_from_anywhere": {
                    "type": "aws_security_group_rule",
                    "depends_on": [
                        "aws_security_group.alb"
                    ],
                    "primary": {
                        "id": "sgrule-2099354701",
                        "attributes": {
                            "cidr_blocks.#": "1",
                            "cidr_blocks.0": "0.0.0.0/0",
                            "from_port": "80",
                            "id": "sgrule-2099354701",
                            "protocol": "tcp",
                            "security_group_id": "sg-0299571223f22f6d0",
                            "self": "false",
                            "to_port": "80",
                            "type": "ingress"
                        },
                        "meta": {
                            "schema_version": "2"
                        },
                        "tainted": false
                    },
                    "deposed": [],
                    "provider": "provider.aws"
                },
                "aws_security_group_rule.outbound_internet_access": {
                    "type": "aws_security_group_rule",
                    "depends_on": [
                        "aws_security_group.alb"
                    ],
                    "primary": {
                        "id": "sgrule-3595675889",
                        "attributes": {
                            "cidr_blocks.#": "1",
                            "cidr_blocks.0": "0.0.0.0/0",
                            "from_port": "0",
                            "id": "sgrule-3595675889",
                            "protocol": "-1",
                            "security_group_id": "sg-0299571223f22f6d0",
                            "self": "false",
                            "to_port": "0",
                            "type": "egress"
                        },
                        "meta": {
                            "schema_version": "2"
                        },
                        "tainted": false
                    },
                    "deposed": [],
                    "provider": "provider.aws"
                }
            },
            "depends_on": []
        },
        {
            "path": [
                "root",
                "ecs",
                "ecs_instances"
            ],
            "outputs": {
                "ecs_instance_security_group_id": {
                    "sensitive": false,
                    "type": "string",
                    "value": "sg-0553951ee685ed08b"
                }
            },
            "resources": {
                "aws_autoscaling_group.asg": {
                    "type": "aws_autoscaling_group",
                    "depends_on": [
                        "aws_launch_configuration.launch"
                    ],
                    "primary": {
                        "id": "infrasec_infrasec_default",
                        "attributes": {
                            "arn": "arn:aws:autoscaling:us-east-2:789062114213:autoScalingGroup:fe7870f8-4ee1-4e05-a1e8-d810115cc372:autoScalingGroupName/infrasec_infrasec_default",
                            "availability_zones.#": "2",
                            "availability_zones.1726430690": "us-east-2b",
                            "availability_zones.4293815384": "us-east-2a",
                            "default_cooldown": "300",
                            "desired_capacity": "1",
                            "enabled_metrics.#": "0",
                            "force_delete": "true",
                            "health_check_grace_period": "300",
                            "health_check_type": "EC2",
                            "id": "infrasec_infrasec_default",
                            "launch_configuration": "infrasec_infrasec_default_20200707150421038100000004",
                            "launch_template.#": "0",
                            "load_balancers.#": "0",
                            "max_instance_lifetime": "0",
                            "max_size": "1",
                            "metrics_granularity": "1Minute",
                            "min_size": "1",
                            "mixed_instances_policy.#": "0",
                            "name": "infrasec_infrasec_default",
                            "placement_group": "",
                            "protect_from_scale_in": "false",
                            "service_linked_role_arn": "arn:aws:iam::789062114213:role/aws-service-role/autoscaling.amazonaws.com/AWSServiceRoleForAutoScaling",
                            "suspended_processes.#": "0",
                            "tag.#": "5",
                            "tag.1119054183.key": "Cluster",
                            "tag.1119054183.propagate_at_launch": "true",
                            "tag.1119054183.value": "infrasec",
                            "tag.2545288267.key": "InstanceGroup",
                            "tag.2545288267.propagate_at_launch": "true",
                            "tag.2545288267.value": "default",
                            "tag.2943808441.key": "Name",
                            "tag.2943808441.propagate_at_launch": "true",
                            "tag.2943808441.value": "infrasec_ecs_infrasec_default",
                            "tag.3027253876.key": "Environment",
                            "tag.3027253876.propagate_at_launch": "true",
                            "tag.3027253876.value": "infrasec",
                            "tag.627904236.key": "DependsId",
                            "tag.627904236.propagate_at_launch": "false",
                            "tag.627904236.value": "3790533027530946546",
                            "target_group_arns.#": "0",
                            "termination_policies.#": "0",
                            "vpc_zone_identifier.#": "2",
                            "vpc_zone_identifier.1363984618": "subnet-090df30c10e567a82",
                            "vpc_zone_identifier.2607538468": "subnet-0e80ed07f0cb66513",
                            "wait_for_capacity_timeout": "10m"
                        },
                        "meta": {
                            "e2bfb730-ecaa-11e6-8f88-34363bc7c4c0": {
                                "delete": 600000000000
                            }
                        },
                        "tainted": false
                    },
                    "deposed": [],
                    "provider": "provider.aws"
                },
                "aws_cloudwatch_log_group.audit": {
                    "type": "aws_cloudwatch_log_group",
                    "depends_on": [],
                    "primary": {
                        "id": "infrasec/var/log/ecs/audit.log",
                        "attributes": {
                            "arn": "arn:aws:logs:us-east-2:789062114213:log-group:infrasec/var/log/ecs/audit.log:*",
                            "id": "infrasec/var/log/ecs/audit.log",
                            "kms_key_id": "",
                            "name": "infrasec/var/log/ecs/audit.log",
                            "retention_in_days": "30",
                            "tags.%": "0"
                        },
                        "meta": {},
                        "tainted": false
                    },
                    "deposed": [],
                    "provider": "provider.aws"
                },
                "aws_cloudwatch_log_group.dmesg": {
                    "type": "aws_cloudwatch_log_group",
                    "depends_on": [],
                    "primary": {
                        "id": "infrasec/var/log/dmesg",
                        "attributes": {
                            "arn": "arn:aws:logs:us-east-2:789062114213:log-group:infrasec/var/log/dmesg:*",
                            "id": "infrasec/var/log/dmesg",
                            "kms_key_id": "",
                            "name": "infrasec/var/log/dmesg",
                            "retention_in_days": "30",
                            "tags.%": "0"
                        },
                        "meta": {},
                        "tainted": false
                    },
                    "deposed": [],
                    "provider": "provider.aws"
                },
                "aws_cloudwatch_log_group.docker": {
                    "type": "aws_cloudwatch_log_group",
                    "depends_on": [],
                    "primary": {
                        "id": "infrasec/var/log/docker",
                        "attributes": {
                            "arn": "arn:aws:logs:us-east-2:789062114213:log-group:infrasec/var/log/docker:*",
                            "id": "infrasec/var/log/docker",
                            "kms_key_id": "",
                            "name": "infrasec/var/log/docker",
                            "retention_in_days": "30",
                            "tags.%": "0"
                        },
                        "meta": {},
                        "tainted": false
                    },
                    "deposed": [],
                    "provider": "provider.aws"
                },
                "aws_cloudwatch_log_group.ecs-agent": {
                    "type": "aws_cloudwatch_log_group",
                    "depends_on": [],
                    "primary": {
                        "id": "infrasec/var/log/ecs/ecs-agent.log",
                        "attributes": {
                            "arn": "arn:aws:logs:us-east-2:789062114213:log-group:infrasec/var/log/ecs/ecs-agent.log:*",
                            "id": "infrasec/var/log/ecs/ecs-agent.log",
                            "kms_key_id": "",
                            "name": "infrasec/var/log/ecs/ecs-agent.log",
                            "retention_in_days": "30",
                            "tags.%": "0"
                        },
                        "meta": {},
                        "tainted": false
                    },
                    "deposed": [],
                    "provider": "provider.aws"
                },
                "aws_cloudwatch_log_group.ecs-init": {
                    "type": "aws_cloudwatch_log_group",
                    "depends_on": [],
                    "primary": {
                        "id": "infrasec/var/log/ecs/ecs-init.log",
                        "attributes": {
                            "arn": "arn:aws:logs:us-east-2:789062114213:log-group:infrasec/var/log/ecs/ecs-init.log:*",
                            "id": "infrasec/var/log/ecs/ecs-init.log",
                            "kms_key_id": "",
                            "name": "infrasec/var/log/ecs/ecs-init.log",
                            "retention_in_days": "30",
                            "tags.%": "0"
                        },
                        "meta": {},
                        "tainted": false
                    },
                    "deposed": [],
                    "provider": "provider.aws"
                },
                "aws_cloudwatch_log_group.messages": {
                    "type": "aws_cloudwatch_log_group",
                    "depends_on": [],
                    "primary": {
                        "id": "infrasec/var/log/messages",
                        "attributes": {
                            "arn": "arn:aws:logs:us-east-2:789062114213:log-group:infrasec/var/log/messages:*",
                            "id": "infrasec/var/log/messages",
                            "kms_key_id": "",
                            "name": "infrasec/var/log/messages",
                            "retention_in_days": "30",
                            "tags.%": "0"
                        },
                        "meta": {},
                        "tainted": false
                    },
                    "deposed": [],
                    "provider": "provider.aws"
                },
                "aws_launch_configuration.launch": {
                    "type": "aws_launch_configuration",
                    "depends_on": [
                        "aws_security_group.instance",
                        "data.template_file.user_data"
                    ],
                    "primary": {
                        "id": "infrasec_infrasec_default_20200707150421038100000004",
                        "attributes": {
                            "arn": "arn:aws:autoscaling:us-east-2:789062114213:launchConfiguration:63007cf0-473f-4c60-a35a-32dcc33e3f28:launchConfigurationName/infrasec_infrasec_default_20200707150421038100000004",
                            "associate_public_ip_address": "false",
                            "ebs_block_device.#": "0",
                            "ebs_optimized": "false",
                            "enable_monitoring": "true",
                            "ephemeral_block_device.#": "0",
                            "iam_instance_profile": "infrasec_ecs_instance_profile",
                            "id": "infrasec_infrasec_default_20200707150421038100000004",
                            "image_id": "ami-0466acdbae3d9cc42",
                            "instance_type": "t2.micro",
                            "key_name": "ecs-key-infrasec",
                            "name": "infrasec_infrasec_default_20200707150421038100000004",
                            "name_prefix": "infrasec_infrasec_default_",
                            "root_block_device.#": "0",
                            "security_groups.#": "1",
                            "security_groups.1195014627": "sg-0553951ee685ed08b",
                            "spot_price": "",
                            "user_data": "3f7c1d0b223df7238210887140f627d476ea0895",
                            "vpc_classic_link_id": "",
                            "vpc_classic_link_security_groups.#": "0"
                        },
                        "meta": {},
                        "tainted": false
                    },
                    "deposed": [],
                    "provider": "provider.aws"
                },
                "aws_security_group.instance": {
                    "type": "aws_security_group",
                    "depends_on": [],
                    "primary": {
                        "id": "sg-0553951ee685ed08b",
                        "attributes": {
                            "arn": "arn:aws:ec2:us-east-2:789062114213:security-group/sg-0553951ee685ed08b",
                            "description": "Used in infrasec",
                            "egress.#": "0",
                            "id": "sg-0553951ee685ed08b",
                            "ingress.#": "0",
                            "name": "infrasec_infrasec_default",
                            "owner_id": "789062114213",
                            "revoke_rules_on_delete": "false",
                            "tags.%": "3",
                            "tags.Cluster": "infrasec",
                            "tags.Environment": "infrasec",
                            "tags.InstanceGroup": "default",
                            "vpc_id": "vpc-0aa6b1f4c34046799"
                        },
                        "meta": {
                            "e2bfb730-ecaa-11e6-8f88-34363bc7c4c0": {
                                "create": 600000000000,
                                "delete": 600000000000
                            },
                            "schema_version": "1"
                        },
                        "tainted": false
                    },
                    "deposed": [],
                    "provider": "provider.aws"
                },
                "aws_security_group_rule.outbound_internet_access": {
                    "type": "aws_security_group_rule",
                    "depends_on": [
                        "aws_security_group.instance"
                    ],
                    "primary": {
                        "id": "sgrule-2011260384",
                        "attributes": {
                            "cidr_blocks.#": "1",
                            "cidr_blocks.0": "0.0.0.0/0",
                            "from_port": "0",
                            "id": "sgrule-2011260384",
                            "protocol": "-1",
                            "security_group_id": "sg-0553951ee685ed08b",
                            "self": "false",
                            "to_port": "0",
                            "type": "egress"
                        },
                        "meta": {
                            "schema_version": "2"
                        },
                        "tainted": false
                    },
                    "deposed": [],
                    "provider": "provider.aws"
                },
                "data.template_file.user_data": {
                    "type": "template_file",
                    "depends_on": [],
                    "primary": {
                        "id": "cd6ae786fdbf01a48ffa6aba41df9c863234bf41a681bd44dcf4b3575dd539d4",
                        "attributes": {
                            "id": "cd6ae786fdbf01a48ffa6aba41df9c863234bf41a681bd44dcf4b3575dd539d4",
                            "rendered": "#!/bin/bash\n\n# Timezone\nln -fs /usr/share/zoneinfo/Europe/Amsterdam /etc/localtime\n\n#Using script from http://docs.aws.amazon.com/AmazonECS/latest/developerguide/using_cloudwatch_logs.html\n# Install awslogs and the jq JSON parser\nyum install -y awslogs jq aws-cli\n\n# ECS config\necho '' \u003e /etc/ecs/ecs.config\n{\n  echo \"ECS_CLUSTER=infrasec\"\n  echo 'ECS_AVAILABLE_LOGGING_DRIVERS=[\"json-file\",\"awslogs\"]'\n} \u003e\u003e /etc/ecs/ecs.config\n\n# Inject the CloudWatch Logs configuration file contents\ncat \u003e /etc/awslogs/awslogs.conf \u003c\u003c- EOF\n[general]\nstate_file = /var/lib/awslogs/agent-state        \n \n[/var/log/dmesg]\nfile = /var/log/dmesg\nlog_group_name = infrasec/var/log/dmesg\nlog_stream_name = infrasec/{container_instance_id}\n\n[/var/log/messages]\nfile = /var/log/messages\nlog_group_name = infrasec/var/log/messages\nlog_stream_name = infrasec/{container_instance_id}\ndatetime_format = %b %d %H:%M:%S\n\n[/var/log/docker]\nfile = /var/log/docker\nlog_group_name = infrasec/var/log/docker\nlog_stream_name = infrasec/{container_instance_id}\ndatetime_format = %Y-%m-%dT%H:%M:%S.%f\n\n[/var/log/ecs/ecs-init.log]\nfile = /var/log/ecs/ecs-init.log.*\nlog_group_name = infrasec/var/log/ecs/ecs-init.log\nlog_stream_name = infrasec/{container_instance_id}\ndatetime_format = %Y-%m-%dT%H:%M:%SZ\n\n[/var/log/ecs/ecs-agent.log]\nfile = /var/log/ecs/ecs-agent.log.*\nlog_group_name = infrasec/var/log/ecs/ecs-agent.log\nlog_stream_name = infrasec/{container_instance_id}\ndatetime_format = %Y-%m-%dT%H:%M:%SZ\n\n[/var/log/ecs/audit.log]\nfile = /var/log/ecs/audit.log.*\nlog_group_name = infrasec/var/log/ecs/audit.log\nlog_stream_name = infrasec/{container_instance_id}\ndatetime_format = %Y-%m-%dT%H:%M:%SZ\n\nEOF\n\n# Set the region to send CloudWatch Logs data to (the region where the container instance is located)\nregion=$(curl 169.254.169.254/latest/meta-data/placement/availability-zone | sed s'/.$//')\nsed -i -e \"s/region = us-east-1/region = $region/g\" /etc/awslogs/awscli.conf\n\n# Set the ip address of the node \ncontainer_instance_id=$(curl 169.254.169.254/latest/meta-data/local-ipv4)\nsed -i -e \"s/{container_instance_id}/$container_instance_id/g\" /etc/awslogs/awslogs.conf\n\ncat \u003e /etc/init/awslogjob.conf \u003c\u003c- EOF\n#upstart-job\ndescription \"Configure and start CloudWatch Logs agent on Amazon ECS container instance\"\nauthor \"Amazon Web Services\"\nstart on started ecs\n\nscript\n\texec 2\u003e\u003e/var/log/ecs/cloudwatch-logs-start.log\n\tset -x\n\t\n\tuntil curl -s http://localhost:51678/v1/metadata\n\tdo\n\t\tsleep 1\t\n\tdone\n\t\n\tservice awslogs start\n\tchkconfig awslogs on\nend script\n\nEOF\n\nstart ecs\n\n#Get ECS instance info, althoug not used in this user_data it self this allows you to use\n#az(availability zone) and region\nuntil $(curl --output /dev/null --silent --head --fail http://localhost:51678/v1/metadata); do\n  printf '.'\n  sleep 5\ndone\ninstance_arn=$(curl -s http://localhost:51678/v1/metadata | jq -r '. | .ContainerInstanceArn' | awk -F/ '{print $NF}' )\naz=$(curl -s http://instance-data/latest/meta-data/placement/availability-zone)\nregion=${az:0:${#az} - 1}\n\n#Custom userdata script code\n\n\necho \"Done\"\n",
                            "template": "#!/bin/bash\n\n# Timezone\nln -fs /usr/share/zoneinfo/Europe/Amsterdam /etc/localtime\n\n#Using script from http://docs.aws.amazon.com/AmazonECS/latest/developerguide/using_cloudwatch_logs.html\n# Install awslogs and the jq JSON parser\nyum install -y awslogs jq aws-cli\n\n# ECS config\n${ecs_config}\n{\n  echo \"ECS_CLUSTER=${cluster_name}\"\n  echo 'ECS_AVAILABLE_LOGGING_DRIVERS=${ecs_logging}'\n} \u003e\u003e /etc/ecs/ecs.config\n\n# Inject the CloudWatch Logs configuration file contents\ncat \u003e /etc/awslogs/awslogs.conf \u003c\u003c- EOF\n[general]\nstate_file = /var/lib/awslogs/agent-state        \n \n[/var/log/dmesg]\nfile = /var/log/dmesg\nlog_group_name = ${cloudwatch_prefix}/var/log/dmesg\nlog_stream_name = ${cluster_name}/{container_instance_id}\n\n[/var/log/messages]\nfile = /var/log/messages\nlog_group_name = ${cloudwatch_prefix}/var/log/messages\nlog_stream_name = ${cluster_name}/{container_instance_id}\ndatetime_format = %b %d %H:%M:%S\n\n[/var/log/docker]\nfile = /var/log/docker\nlog_group_name = ${cloudwatch_prefix}/var/log/docker\nlog_stream_name = ${cluster_name}/{container_instance_id}\ndatetime_format = %Y-%m-%dT%H:%M:%S.%f\n\n[/var/log/ecs/ecs-init.log]\nfile = /var/log/ecs/ecs-init.log.*\nlog_group_name = ${cloudwatch_prefix}/var/log/ecs/ecs-init.log\nlog_stream_name = ${cluster_name}/{container_instance_id}\ndatetime_format = %Y-%m-%dT%H:%M:%SZ\n\n[/var/log/ecs/ecs-agent.log]\nfile = /var/log/ecs/ecs-agent.log.*\nlog_group_name = ${cloudwatch_prefix}/var/log/ecs/ecs-agent.log\nlog_stream_name = ${cluster_name}/{container_instance_id}\ndatetime_format = %Y-%m-%dT%H:%M:%SZ\n\n[/var/log/ecs/audit.log]\nfile = /var/log/ecs/audit.log.*\nlog_group_name = ${cloudwatch_prefix}/var/log/ecs/audit.log\nlog_stream_name = ${cluster_name}/{container_instance_id}\ndatetime_format = %Y-%m-%dT%H:%M:%SZ\n\nEOF\n\n# Set the region to send CloudWatch Logs data to (the region where the container instance is located)\nregion=$(curl 169.254.169.254/latest/meta-data/placement/availability-zone | sed s'/.$//')\nsed -i -e \"s/region = us-east-1/region = $region/g\" /etc/awslogs/awscli.conf\n\n# Set the ip address of the node \ncontainer_instance_id=$(curl 169.254.169.254/latest/meta-data/local-ipv4)\nsed -i -e \"s/{container_instance_id}/$container_instance_id/g\" /etc/awslogs/awslogs.conf\n\ncat \u003e /etc/init/awslogjob.conf \u003c\u003c- EOF\n#upstart-job\ndescription \"Configure and start CloudWatch Logs agent on Amazon ECS container instance\"\nauthor \"Amazon Web Services\"\nstart on started ecs\n\nscript\n\texec 2\u003e\u003e/var/log/ecs/cloudwatch-logs-start.log\n\tset -x\n\t\n\tuntil curl -s http://localhost:51678/v1/metadata\n\tdo\n\t\tsleep 1\t\n\tdone\n\t\n\tservice awslogs start\n\tchkconfig awslogs on\nend script\n\nEOF\n\nstart ecs\n\n#Get ECS instance info, althoug not used in this user_data it self this allows you to use\n#az(availability zone) and region\nuntil $(curl --output /dev/null --silent --head --fail http://localhost:51678/v1/metadata); do\n  printf '.'\n  sleep 5\ndone\ninstance_arn=$(curl -s http://localhost:51678/v1/metadata | jq -r '. | .ContainerInstanceArn' | awk -F/ '{print $NF}' )\naz=$(curl -s http://instance-data/latest/meta-data/placement/availability-zone)\nregion=$${az:0:$${#az} - 1}\n\n#Custom userdata script code\n${custom_userdata}\n\necho \"Done\"\n",
                            "vars.%": "6",
                            "vars.cloudwatch_prefix": "infrasec",
                            "vars.cluster_name": "infrasec",
                            "vars.custom_userdata": "",
                            "vars.ecs_config": "echo '' \u003e /etc/ecs/ecs.config",
                            "vars.ecs_logging": "[\"json-file\",\"awslogs\"]",
                            "vars.env_name": "infrasec"
                        },
                        "meta": {},
                        "tainted": false
                    },
                    "deposed": [],
                    "provider": "provider.template"
                }
            },
            "depends_on": []
        },
        {
            "path": [
                "root",
                "ecs",
                "network"
            ],
            "outputs": {
                "depends_id": {
                    "sensitive": false,
                    "type": "string",
                    "value": "3790533027530946546"
                },
                "private_subnet_ids": {
                    "sensitive": false,
                    "type": "list",
                    "value": [
                        "subnet-0e80ed07f0cb66513",
                        "subnet-090df30c10e567a82"
                    ]
                },
                "public_subnet_ids": {
                    "sensitive": false,
                    "type": "list",
                    "value": [
                        "subnet-0644dbd223762532f",
                        "subnet-038a7af6082aa99e0"
                    ]
                },
                "vpc_cidr": {
                    "sensitive": false,
                    "type": "string",
                    "value": "10.0.0.0/16"
                },
                "vpc_id": {
                    "sensitive": false,
                    "type": "string",
                    "value": "vpc-0aa6b1f4c34046799"
                }
            },
            "resources": {
                "aws_route.private_nat_route.0": {
                    "type": "aws_route",
                    "depends_on": [
                        "module.nat",
                        "module.private_subnet"
                    ],
                    "primary": {
                        "id": "r-rtb-0df0fd9214798d3a21080289494",
                        "attributes": {
                            "destination_cidr_block": "0.0.0.0/0",
                            "destination_ipv6_cidr_block": "",
                            "destination_prefix_list_id": "",
                            "egress_only_gateway_id": "",
                            "gateway_id": "",
                            "id": "r-rtb-0df0fd9214798d3a21080289494",
                            "instance_id": "",
                            "instance_owner_id": "",
                            "nat_gateway_id": "nat-09badb2a34132ee0c",
                            "network_interface_id": "",
                            "origin": "CreateRoute",
                            "route_table_id": "rtb-0df0fd9214798d3a2",
                            "state": "active",
                            "transit_gateway_id": "",
                            "vpc_peering_connection_id": ""
                        },
                        "meta": {
                            "e2bfb730-ecaa-11e6-8f88-34363bc7c4c0": {
                                "create": 120000000000,
                                "delete": 300000000000
                            }
                        },
                        "tainted": false
                    },
                    "deposed": [],
                    "provider": "provider.aws"
                },
                "aws_route.private_nat_route.1": {
                    "type": "aws_route",
                    "depends_on": [
                        "module.nat",
                        "module.private_subnet"
                    ],
                    "primary": {
                        "id": "r-rtb-08b8f0d50f6af77271080289494",
                        "attributes": {
                            "destination_cidr_block": "0.0.0.0/0",
                            "destination_ipv6_cidr_block": "",
                            "destination_prefix_list_id": "",
                            "egress_only_gateway_id": "",
                            "gateway_id": "",
                            "id": "r-rtb-08b8f0d50f6af77271080289494",
                            "instance_id": "",
                            "instance_owner_id": "",
                            "nat_gateway_id": "nat-05f0b1d54fdb6f2ea",
                            "network_interface_id": "",
                            "origin": "CreateRoute",
                            "route_table_id": "rtb-08b8f0d50f6af7727",
                            "state": "active",
                            "transit_gateway_id": "",
                            "vpc_peering_connection_id": ""
                        },
                        "meta": {
                            "e2bfb730-ecaa-11e6-8f88-34363bc7c4c0": {
                                "create": 120000000000,
                                "delete": 300000000000
                            }
                        },
                        "tainted": false
                    },
                    "deposed": [],
                    "provider": "provider.aws"
                },
                "aws_route.public_igw_route.0": {
                    "type": "aws_route",
                    "depends_on": [
                        "module.public_subnet",
                        "module.vpc"
                    ],
                    "primary": {
                        "id": "r-rtb-0cf37b77b7ce194151080289494",
                        "attributes": {
                            "destination_cidr_block": "0.0.0.0/0",
                            "destination_ipv6_cidr_block": "",
                            "destination_prefix_list_id": "",
                            "egress_only_gateway_id": "",
                            "gateway_id": "igw-096bba4bf4b4b85a1",
                            "id": "r-rtb-0cf37b77b7ce194151080289494",
                            "instance_id": "",
                            "instance_owner_id": "",
                            "nat_gateway_id": "",
                            "network_interface_id": "",
                            "origin": "CreateRoute",
                            "route_table_id": "rtb-0cf37b77b7ce19415",
                            "state": "active",
                            "transit_gateway_id": "",
                            "vpc_peering_connection_id": ""
                        },
                        "meta": {
                            "e2bfb730-ecaa-11e6-8f88-34363bc7c4c0": {
                                "create": 120000000000,
                                "delete": 300000000000
                            }
                        },
                        "tainted": false
                    },
                    "deposed": [],
                    "provider": "provider.aws"
                },
                "aws_route.public_igw_route.1": {
                    "type": "aws_route",
                    "depends_on": [
                        "module.public_subnet",
                        "module.vpc"
                    ],
                    "primary": {
                        "id": "r-rtb-0af132659ed56a6fc1080289494",
                        "attributes": {
                            "destination_cidr_block": "0.0.0.0/0",
                            "destination_ipv6_cidr_block": "",
                            "destination_prefix_list_id": "",
                            "egress_only_gateway_id": "",
                            "gateway_id": "igw-096bba4bf4b4b85a1",
                            "id": "r-rtb-0af132659ed56a6fc1080289494",
                            "instance_id": "",
                            "instance_owner_id": "",
                            "nat_gateway_id": "",
                            "network_interface_id": "",
                            "origin": "CreateRoute",
                            "route_table_id": "rtb-0af132659ed56a6fc",
                            "state": "active",
                            "transit_gateway_id": "",
                            "vpc_peering_connection_id": ""
                        },
                        "meta": {
                            "e2bfb730-ecaa-11e6-8f88-34363bc7c4c0": {
                                "create": 120000000000,
                                "delete": 300000000000
                            }
                        },
                        "tainted": false
                    },
                    "deposed": [],
                    "provider": "provider.aws"
                },
                "null_resource.dummy_dependency": {
                    "type": "null_resource",
                    "depends_on": [
                        "module.nat"
                    ],
                    "primary": {
                        "id": "3790533027530946546",
                        "attributes": {
                            "id": "3790533027530946546"
                        },
                        "meta": {},
                        "tainted": false
                    },
                    "deposed": [],
                    "provider": "provider.null"
                }
            },
            "depends_on": []
        },
        {
            "path": [
                "root",
                "ecs",
                "network",
                "nat"
            ],
            "outputs": {
                "ids": {
                    "sensitive": false,
                    "type": "list",
                    "value": [
                        "nat-09badb2a34132ee0c",
                        "nat-05f0b1d54fdb6f2ea"
                    ]
                }
            },
            "resources": {
                "aws_eip.nat.0": {
                    "type": "aws_eip",
                    "depends_on": [],
                    "primary": {
                        "id": "eipalloc-0c5ff414998dd6a60",
                        "attributes": {
                            "association_id": "",
                            "customer_owned_ip": "",
                            "customer_owned_ipv4_pool": "",
                            "domain": "vpc",
                            "id": "eipalloc-0c5ff414998dd6a60",
                            "instance": "",
                            "network_interface": "",
                            "private_ip": "",
                            "public_dns": "ec2-3-128-178-81.us-east-2.compute.amazonaws.com",
                            "public_ip": "3.128.178.81",
                            "public_ipv4_pool": "amazon",
                            "tags.%": "0",
                            "vpc": "true"
                        },
                        "meta": {
                            "e2bfb730-ecaa-11e6-8f88-34363bc7c4c0": {
                                "delete": 180000000000,
                                "read": 900000000000,
                                "update": 300000000000
                            }
                        },
                        "tainted": false
                    },
                    "deposed": [],
                    "provider": "provider.aws"
                },
                "aws_eip.nat.1": {
                    "type": "aws_eip",
                    "depends_on": [],
                    "primary": {
                        "id": "eipalloc-0400e7ac715b6c5f7",
                        "attributes": {
                            "association_id": "",
                            "customer_owned_ip": "",
                            "customer_owned_ipv4_pool": "",
                            "domain": "vpc",
                            "id": "eipalloc-0400e7ac715b6c5f7",
                            "instance": "",
                            "network_interface": "",
                            "private_ip": "",
                            "public_dns": "ec2-3-128-216-31.us-east-2.compute.amazonaws.com",
                            "public_ip": "3.128.216.31",
                            "public_ipv4_pool": "amazon",
                            "tags.%": "0",
                            "vpc": "true"
                        },
                        "meta": {
                            "e2bfb730-ecaa-11e6-8f88-34363bc7c4c0": {
                                "delete": 180000000000,
                                "read": 900000000000,
                                "update": 300000000000
                            }
                        },
                        "tainted": false
                    },
                    "deposed": [],
                    "provider": "provider.aws"
                },
                "aws_nat_gateway.nat.0": {
                    "type": "aws_nat_gateway",
                    "depends_on": [
                        "aws_eip.nat.*"
                    ],
                    "primary": {
                        "id": "nat-09badb2a34132ee0c",
                        "attributes": {
                            "allocation_id": "eipalloc-0c5ff414998dd6a60",
                            "id": "nat-09badb2a34132ee0c",
                            "network_interface_id": "eni-0fde2302bf2ff15ba",
                            "private_ip": "10.0.0.156",
                            "public_ip": "3.128.178.81",
                            "subnet_id": "subnet-0644dbd223762532f",
                            "tags.%": "0"
                        },
                        "meta": {},
                        "tainted": false
                    },
                    "deposed": [],
                    "provider": "provider.aws"
                },
                "aws_nat_gateway.nat.1": {
                    "type": "aws_nat_gateway",
                    "depends_on": [
                        "aws_eip.nat.*"
                    ],
                    "primary": {
                        "id": "nat-05f0b1d54fdb6f2ea",
                        "attributes": {
                            "allocation_id": "eipalloc-0400e7ac715b6c5f7",
                            "id": "nat-05f0b1d54fdb6f2ea",
                            "network_interface_id": "eni-0474992eed9f19734",
                            "private_ip": "10.0.1.7",
                            "public_ip": "3.128.216.31",
                            "subnet_id": "subnet-038a7af6082aa99e0",
                            "tags.%": "0"
                        },
                        "meta": {},
                        "tainted": false
                    },
                    "deposed": [],
                    "provider": "provider.aws"
                }
            },
            "depends_on": []
        },
        {
            "path": [
                "root",
                "ecs",
                "network",
                "private_subnet"
            ],
            "outputs": {
                "ids": {
                    "sensitive": false,
                    "type": "list",
                    "value": [
                        "subnet-0e80ed07f0cb66513",
                        "subnet-090df30c10e567a82"
                    ]
                },
                "route_table_ids": {
                    "sensitive": false,
                    "type": "list",
                    "value": [
                        "rtb-0df0fd9214798d3a2",
                        "rtb-08b8f0d50f6af7727"
                    ]
                }
            },
            "resources": {
                "aws_route_table.subnet.0": {
                    "type": "aws_route_table",
                    "depends_on": [],
                    "primary": {
                        "id": "rtb-0df0fd9214798d3a2",
                        "attributes": {
                            "id": "rtb-0df0fd9214798d3a2",
                            "owner_id": "789062114213",
                            "propagating_vgws.#": "0",
                            "route.#": "0",
                            "tags.%": "2",
                            "tags.Environment": "infrasec",
                            "tags.Name": "infrasec_private_subnet_us-east-2a",
                            "vpc_id": "vpc-0aa6b1f4c34046799"
                        },
                        "meta": {},
                        "tainted": false
                    },
                    "deposed": [],
                    "provider": "provider.aws"
                },
                "aws_route_table.subnet.1": {
                    "type": "aws_route_table",
                    "depends_on": [],
                    "primary": {
                        "id": "rtb-08b8f0d50f6af7727",
                        "attributes": {
                            "id": "rtb-08b8f0d50f6af7727",
                            "owner_id": "789062114213",
                            "propagating_vgws.#": "0",
                            "route.#": "0",
                            "tags.%": "2",
                            "tags.Environment": "infrasec",
                            "tags.Name": "infrasec_private_subnet_us-east-2b",
                            "vpc_id": "vpc-0aa6b1f4c34046799"
                        },
                        "meta": {},
                        "tainted": false
                    },
                    "deposed": [],
                    "provider": "provider.aws"
                },
                "aws_route_table_association.subnet.0": {
                    "type": "aws_route_table_association",
                    "depends_on": [
                        "aws_route_table.subnet.*",
                        "aws_subnet.subnet.*"
                    ],
                    "primary": {
                        "id": "rtbassoc-008408e7cb3e78f2f",
                        "attributes": {
                            "id": "rtbassoc-008408e7cb3e78f2f",
                            "route_table_id": "rtb-0df0fd9214798d3a2",
                            "subnet_id": "subnet-0e80ed07f0cb66513"
                        },
                        "meta": {},
                        "tainted": false
                    },
                    "deposed": [],
                    "provider": "provider.aws"
                },
                "aws_route_table_association.subnet.1": {
                    "type": "aws_route_table_association",
                    "depends_on": [
                        "aws_route_table.subnet.*",
                        "aws_subnet.subnet.*"
                    ],
                    "primary": {
                        "id": "rtbassoc-0b326e390d351e791",
                        "attributes": {
                            "id": "rtbassoc-0b326e390d351e791",
                            "route_table_id": "rtb-08b8f0d50f6af7727",
                            "subnet_id": "subnet-090df30c10e567a82"
                        },
                        "meta": {},
                        "tainted": false
                    },
                    "deposed": [],
                    "provider": "provider.aws"
                },
                "aws_subnet.subnet.0": {
                    "type": "aws_subnet",
                    "depends_on": [],
                    "primary": {
                        "id": "subnet-0e80ed07f0cb66513",
                        "attributes": {
                            "arn": "arn:aws:ec2:us-east-2:789062114213:subnet/subnet-0e80ed07f0cb66513",
                            "assign_ipv6_address_on_creation": "false",
                            "availability_zone": "us-east-2a",
                            "availability_zone_id": "use2-az1",
                            "cidr_block": "10.0.50.0/24",
                            "id": "subnet-0e80ed07f0cb66513",
                            "ipv6_cidr_block": "",
                            "ipv6_cidr_block_association_id": "",
                            "map_public_ip_on_launch": "false",
                            "outpost_arn": "",
                            "owner_id": "789062114213",
                            "tags.%": "2",
                            "tags.Environment": "infrasec",
                            "tags.Name": "infrasec_private_subnet_us-east-2a",
                            "vpc_id": "vpc-0aa6b1f4c34046799"
                        },
                        "meta": {
                            "e2bfb730-ecaa-11e6-8f88-34363bc7c4c0": {
                                "create": 600000000000,
                                "delete": 1200000000000
                            },
                            "schema_version": "1"
                        },
                        "tainted": false
                    },
                    "deposed": [],
                    "provider": "provider.aws"
                },
                "aws_subnet.subnet.1": {
                    "type": "aws_subnet",
                    "depends_on": [],
                    "primary": {
                        "id": "subnet-090df30c10e567a82",
                        "attributes": {
                            "arn": "arn:aws:ec2:us-east-2:789062114213:subnet/subnet-090df30c10e567a82",
                            "assign_ipv6_address_on_creation": "false",
                            "availability_zone": "us-east-2b",
                            "availability_zone_id": "use2-az2",
                            "cidr_block": "10.0.51.0/24",
                            "id": "subnet-090df30c10e567a82",
                            "ipv6_cidr_block": "",
                            "ipv6_cidr_block_association_id": "",
                            "map_public_ip_on_launch": "false",
                            "outpost_arn": "",
                            "owner_id": "789062114213",
                            "tags.%": "2",
                            "tags.Environment": "infrasec",
                            "tags.Name": "infrasec_private_subnet_us-east-2b",
                            "vpc_id": "vpc-0aa6b1f4c34046799"
                        },
                        "meta": {
                            "e2bfb730-ecaa-11e6-8f88-34363bc7c4c0": {
                                "create": 600000000000,
                                "delete": 1200000000000
                            },
                            "schema_version": "1"
                        },
                        "tainted": false
                    },
                    "deposed": [],
                    "provider": "provider.aws"
                }
            },
            "depends_on": []
        },
        {
            "path": [
                "root",
                "ecs",
                "network",
                "public_subnet"
            ],
            "outputs": {
                "ids": {
                    "sensitive": false,
                    "type": "list",
                    "value": [
                        "subnet-0644dbd223762532f",
                        "subnet-038a7af6082aa99e0"
                    ]
                },
                "route_table_ids": {
                    "sensitive": false,
                    "type": "list",
                    "value": [
                        "rtb-0cf37b77b7ce19415",
                        "rtb-0af132659ed56a6fc"
                    ]
                }
            },
            "resources": {
                "aws_route_table.subnet.0": {
                    "type": "aws_route_table",
                    "depends_on": [],
                    "primary": {
                        "id": "rtb-0cf37b77b7ce19415",
                        "attributes": {
                            "id": "rtb-0cf37b77b7ce19415",
                            "owner_id": "789062114213",
                            "propagating_vgws.#": "0",
                            "route.#": "0",
                            "tags.%": "2",
                            "tags.Environment": "infrasec",
                            "tags.Name": "infrasec_public_subnet_us-east-2a",
                            "vpc_id": "vpc-0aa6b1f4c34046799"
                        },
                        "meta": {},
                        "tainted": false
                    },
                    "deposed": [],
                    "provider": "provider.aws"
                },
                "aws_route_table.subnet.1": {
                    "type": "aws_route_table",
                    "depends_on": [],
                    "primary": {
                        "id": "rtb-0af132659ed56a6fc",
                        "attributes": {
                            "id": "rtb-0af132659ed56a6fc",
                            "owner_id": "789062114213",
                            "propagating_vgws.#": "0",
                            "route.#": "0",
                            "tags.%": "2",
                            "tags.Environment": "infrasec",
                            "tags.Name": "infrasec_public_subnet_us-east-2b",
                            "vpc_id": "vpc-0aa6b1f4c34046799"
                        },
                        "meta": {},
                        "tainted": false
                    },
                    "deposed": [],
                    "provider": "provider.aws"
                },
                "aws_route_table_association.subnet.0": {
                    "type": "aws_route_table_association",
                    "depends_on": [
                        "aws_route_table.subnet.*",
                        "aws_subnet.subnet.*"
                    ],
                    "primary": {
                        "id": "rtbassoc-070e21c99b883a1d2",
                        "attributes": {
                            "id": "rtbassoc-070e21c99b883a1d2",
                            "route_table_id": "rtb-0cf37b77b7ce19415",
                            "subnet_id": "subnet-0644dbd223762532f"
                        },
                        "meta": {},
                        "tainted": false
                    },
                    "deposed": [],
                    "provider": "provider.aws"
                },
                "aws_route_table_association.subnet.1": {
                    "type": "aws_route_table_association",
                    "depends_on": [
                        "aws_route_table.subnet.*",
                        "aws_subnet.subnet.*"
                    ],
                    "primary": {
                        "id": "rtbassoc-040908ff9f9ed834b",
                        "attributes": {
                            "id": "rtbassoc-040908ff9f9ed834b",
                            "route_table_id": "rtb-0af132659ed56a6fc",
                            "subnet_id": "subnet-038a7af6082aa99e0"
                        },
                        "meta": {},
                        "tainted": false
                    },
                    "deposed": [],
                    "provider": "provider.aws"
                },
                "aws_subnet.subnet.0": {
                    "type": "aws_subnet",
                    "depends_on": [],
                    "primary": {
                        "id": "subnet-0644dbd223762532f",
                        "attributes": {
                            "arn": "arn:aws:ec2:us-east-2:789062114213:subnet/subnet-0644dbd223762532f",
                            "assign_ipv6_address_on_creation": "false",
                            "availability_zone": "us-east-2a",
                            "availability_zone_id": "use2-az1",
                            "cidr_block": "10.0.0.0/24",
                            "id": "subnet-0644dbd223762532f",
                            "ipv6_cidr_block": "",
                            "ipv6_cidr_block_association_id": "",
                            "map_public_ip_on_launch": "false",
                            "outpost_arn": "",
                            "owner_id": "789062114213",
                            "tags.%": "2",
                            "tags.Environment": "infrasec",
                            "tags.Name": "infrasec_public_subnet_us-east-2a",
                            "vpc_id": "vpc-0aa6b1f4c34046799"
                        },
                        "meta": {
                            "e2bfb730-ecaa-11e6-8f88-34363bc7c4c0": {
                                "create": 600000000000,
                                "delete": 1200000000000
                            },
                            "schema_version": "1"
                        },
                        "tainted": false
                    },
                    "deposed": [],
                    "provider": "provider.aws"
                },
                "aws_subnet.subnet.1": {
                    "type": "aws_subnet",
                    "depends_on": [],
                    "primary": {
                        "id": "subnet-038a7af6082aa99e0",
                        "attributes": {
                            "arn": "arn:aws:ec2:us-east-2:789062114213:subnet/subnet-038a7af6082aa99e0",
                            "assign_ipv6_address_on_creation": "false",
                            "availability_zone": "us-east-2b",
                            "availability_zone_id": "use2-az2",
                            "cidr_block": "10.0.1.0/24",
                            "id": "subnet-038a7af6082aa99e0",
                            "ipv6_cidr_block": "",
                            "ipv6_cidr_block_association_id": "",
                            "map_public_ip_on_launch": "false",
                            "outpost_arn": "",
                            "owner_id": "789062114213",
                            "tags.%": "2",
                            "tags.Environment": "infrasec",
                            "tags.Name": "infrasec_public_subnet_us-east-2b",
                            "vpc_id": "vpc-0aa6b1f4c34046799"
                        },
                        "meta": {
                            "e2bfb730-ecaa-11e6-8f88-34363bc7c4c0": {
                                "create": 600000000000,
                                "delete": 1200000000000
                            },
                            "schema_version": "1"
                        },
                        "tainted": false
                    },
                    "deposed": [],
                    "provider": "provider.aws"
                }
            },
            "depends_on": []
        },
        {
            "path": [
                "root",
                "ecs",
                "network",
                "vpc"
            ],
            "outputs": {
                "cidr_block": {
                    "sensitive": false,
                    "type": "string",
                    "value": "10.0.0.0/16"
                },
                "id": {
                    "sensitive": false,
                    "type": "string",
                    "value": "vpc-0aa6b1f4c34046799"
                },
                "igw": {
                    "sensitive": false,
                    "type": "string",
                    "value": "igw-096bba4bf4b4b85a1"
                }
            },
            "resources": {
                "aws_internet_gateway.vpc": {
                    "type": "aws_internet_gateway",
                    "depends_on": [
                        "aws_vpc.vpc"
                    ],
                    "primary": {
                        "id": "igw-096bba4bf4b4b85a1",
                        "attributes": {
                            "arn": "arn:aws:ec2:us-east-2:789062114213:internet-gateway/igw-096bba4bf4b4b85a1",
                            "id": "igw-096bba4bf4b4b85a1",
                            "owner_id": "789062114213",
                            "tags.%": "1",
                            "tags.Environment": "infrasec",
                            "vpc_id": "vpc-0aa6b1f4c34046799"
                        },
                        "meta": {},
                        "tainted": false
                    },
                    "deposed": [],
                    "provider": "provider.aws"
                },
                "aws_vpc.vpc": {
                    "type": "aws_vpc",
                    "depends_on": [],
                    "primary": {
                        "id": "vpc-0aa6b1f4c34046799",
                        "attributes": {
                            "arn": "arn:aws:ec2:us-east-2:789062114213:vpc/vpc-0aa6b1f4c34046799",
                            "assign_generated_ipv6_cidr_block": "false",
                            "cidr_block": "10.0.0.0/16",
                            "default_network_acl_id": "acl-0b634b60edcc21aae",
                            "default_route_table_id": "rtb-09d45eefe5cd422b0",
                            "default_security_group_id": "sg-03dba5bf5a34f816f",
                            "dhcp_options_id": "dopt-cf3ef0a4",
                            "enable_dns_hostnames": "true",
                            "enable_dns_support": "true",
                            "id": "vpc-0aa6b1f4c34046799",
                            "instance_tenancy": "default",
                            "ipv6_association_id": "",
                            "ipv6_cidr_block": "",
                            "main_route_table_id": "rtb-09d45eefe5cd422b0",
                            "owner_id": "789062114213",
                            "tags.%": "2",
                            "tags.Environment": "infrasec",
                            "tags.Name": "infrasec"
                        },
                        "meta": {
                            "schema_version": "1"
                        },
                        "tainted": false
                    },
                    "deposed": [],
                    "provider": "provider.aws"
                }
            },
            "depends_on": []
        }
    ]
}
